
Microsoft Visual Studio Solution File, Format Version 12.00
# Visual Studio Version 17
VisualStudioVersion = 17.0.31903.59
MinimumVisualStudioVersion = 10.0.40219.1
Project("{2150E333-8FDC-42A3-9474-1A3956D46DE8}") = "src", "src", "{827E0CD3-B72D-47B6-A68D-7590B98EB39B}"
EndProject
Project("{FAE04EC0-301F-11D3-BF4B-00C04F79EFBC}") = "LibraryApi.Domain", "src\LibraryApi.Domain\LibraryApi.Domain.csproj", "{415C32D7-6859-48CA-8643-0E858026C16E}"
EndProject
Project("{FAE04EC0-301F-11D3-BF4B-00C04F79EFBC}") = "LibraryApi.Application", "src\LibraryApi.Application\LibraryApi.Application.csproj", "{DCEDDED4-1BF3-4A3F-97D0-E3640DFD4609}"
EndProject
Project("{FAE04EC0-301F-11D3-BF4B-00C04F79EFBC}") = "LibraryApi.Infrastructure", "src\LibraryApi.Infrastructure\LibraryApi.Infrastructure.csproj", "{350314BC-0DFD-4C37-8E32-527274C2A3EB}"
EndProject
Project("{FAE04EC0-301F-11D3-BF4B-00C04F79EFBC}") = "LibraryApi.Api", "src\LibraryApi.Api\LibraryApi.Api.csproj", "{FFFEBF4A-F1CE-4EE8-BFE4-B9C912E02C89}"
EndProject
Project("{2150E333-8FDC-42A3-9474-1A3956D46DE8}") = "tests", "tests", "{0AB3BF05-4346-4AA6-1389-037BE0695223}"
EndProject
Project("{FAE04EC0-301F-11D3-BF4B-00C04F79EFBC}") = "LibraryApi.Domain.Tests", "tests\LibraryApi.Domain.Tests\LibraryApi.Domain.Tests.csproj", "{1D3653DF-98A8-477A-A621-94DECEAAC77A}"
EndProject
Project("{FAE04EC0-301F-11D3-BF4B-00C04F79EFBC}") = "LibraryApi.Api.Tests", "tests\LibraryApi.Api.Tests\LibraryApi.Api.Tests.csproj", "{2531D782-C5BE-4084-84FC-466CE783144D}"
EndProject
Global
	GlobalSection(SolutionConfigurationPlatforms) = preSolution
		Debug|Any CPU = Debug|Any CPU
		Debug|x64 = Debug|x64
		Debug|x86 = Debug|x86
		Release|Any CPU = Release|Any CPU
		Release|x64 = Release|x64
		Release|x86 = Release|x86
	EndGlobalSection
	GlobalSection(ProjectConfigurationPlatforms) = postSolution
		{415C32D7-6859-48CA-8643-0E858026C16E}.Debug|Any CPU.ActiveCfg = Debug|Any CPU
		{415C32D7-6859-48CA-8643-0E858026C16E}.Debug|Any CPU.Build.0 = Debug|Any CPU
		{415C32D7-6859-48CA-8643-0E858026C16E}.Debug|x64.ActiveCfg = Debug|Any CPU
		{415C32D7-6859-48CA-8643-0E858026C16E}.Debug|x64.Build.0 = Debug|Any CPU
		{415C32D7-6859-48CA-8643-0E858026C16E}.Debug|x86.ActiveCfg = Debug|Any CPU
		{415C32D7-6859-48CA-8643-0E858026C16E}.Debug|x86.Build.0 = Debug|Any CPU
		{415C32D7-6859-48CA-8643-0E858026C16E}.Release|Any CPU.ActiveCfg = Release|Any CPU
		{415C32D7-6859-48CA-8643-0E858026C16E}.Release|Any CPU.Build.0 = Release|Any CPU
		{415C32D7-6859-48CA-8643-0E858026C16E}.Release|x64.ActiveCfg = Release|Any CPU
		{415C32D7-6859-48CA-8643-0E858026C16E}.Release|x64.Build.0 = Release|Any CPU
		{415C32D7-6859-48CA-8643-0E858026C16E}.Release|x86.ActiveCfg = Release|Any CPU
		{415C32D7-6859-48CA-8643-0E858026C16E}.Release|x86.Build.0 = Release|Any CPU
		{DCEDDED4-1BF3-4A3F-97D0-E3640DFD4609}.Debug|Any CPU.ActiveCfg = Debug|Any CPU
		{DCEDDED4-1BF3-4A3F-97D0-E3640DFD4609}.Debug|Any CPU.Build.0 = Debug|Any CPU
		{DCEDDED4-1BF3-4A3F-97D0-E3640DFD4609}.Debug|x64.ActiveCfg = Debug|Any CPU
		{DCEDDED4-1BF3-4A3F-97D0-E3640DFD4609}.Debug|x64.Build.0 = Debug|Any CPU
		{DCEDDED4-1BF3-4A3F-97D0-E3640DFD4609}.Debug|x86.ActiveCfg = Debug|Any CPU
		{DCEDDED4-1BF3-4A3F-97D0-E3640DFD4609}.Debug|x86.Build.0 = Debug|Any CPU
		{DCEDDED4-1BF3-4A3F-97D0-E3640DFD4609}.Release|Any CPU.ActiveCfg = Release|Any CPU
		{DCEDDED4-1BF3-4A3F-97D0-E3640DFD4609}.Release|Any CPU.Build.0 = Release|Any CPU
		{DCEDDED4-1BF3-4A3F-97D0-E3640DFD4609}.Release|x64.ActiveCfg = Release|Any CPU
		{DCEDDED4-1BF3-4A3F-97D0-E3640DFD4609}.Release|x64.Build.0 = Release|Any CPU
		{DCEDDED4-1BF3-4A3F-97D0-E3640DFD4609}.Release|x86.ActiveCfg = Release|Any CPU
		{DCEDDED4-1BF3-4A3F-97D0-E3640DFD4609}.Release|x86.Build.0 = Release|Any CPU
		{350314BC-0DFD-4C37-8E32-527274C2A3EB}.Debug|Any CPU.ActiveCfg = Debug|Any CPU
		{350314BC-0DFD-4C37-8E32-527274C2A3EB}.Debug|Any CPU.Build.0 = Debug|Any CPU
		{350314BC-0DFD-4C37-8E32-527274C2A3EB}.Debug|x64.ActiveCfg = Debug|Any CPU
		{350314BC-0DFD-4C37-8E32-527274C2A3EB}.Debug|x64.Build.0 = Debug|Any CPU
		{350314BC-0DFD-4C37-8E32-527274C2A3EB}.Debug|x86.ActiveCfg = Debug|Any CPU
		{350314BC-0DFD-4C37-8E32-527274C2A3EB}.Debug|x86.Build.0 = Debug|Any CPU
		{350314BC-0DFD-4C37-8E32-527274C2A3EB}.Release|Any CPU.ActiveCfg = Release|Any CPU
		{350314BC-0DFD-4C37-8E32-527274C2A3EB}.Release|Any CPU.Build.0 = Release|Any CPU
		{350314BC-0DFD-4C37-8E32-527274C2A3EB}.Release|x64.ActiveCfg = Release|Any CPU
		{350314BC-0DFD-4C37-8E32-527274C2A3EB}.Release|x64.Build.0 = Release|Any CPU
		{350314BC-0DFD-4C37-8E32-527274C2A3EB}.Release|x86.ActiveCfg = Release|Any CPU
		{350314BC-0DFD-4C37-8E32-527274C2A3EB}.Release|x86.Build.0 = Release|Any CPU
		{FFFEBF4A-F1CE-4EE8-BFE4-B9C912E02C89}.Debug|Any CPU.ActiveCfg = Debug|Any CPU
		{FFFEBF4A-F1CE-4EE8-BFE4-B9C912E02C89}.Debug|Any CPU.Build.0 = Debug|Any CPU
		{FFFEBF4A-F1CE-4EE8-BFE4-B9C912E02C89}.Debug|x64.ActiveCfg = Debug|Any CPU
		{FFFEBF4A-F1CE-4EE8-BFE4-B9C912E02C89}.Debug|x64.Build.0 = Debug|Any CPU
		{FFFEBF4A-F1CE-4EE8-BFE4-B9C912E02C89}.Debug|x86.ActiveCfg = Debug|Any CPU
		{FFFEBF4A-F1CE-4EE8-BFE4-B9C912E02C89}.Debug|x86.Build.0 = Debug|Any CPU
		{FFFEBF4A-F1CE-4EE8-BFE4-B9C912E02C89}.Release|Any CPU.ActiveCfg = Release|Any CPU
		{FFFEBF4A-F1CE-4EE8-BFE4-B9C912E02C89}.Release|Any CPU.Build.0 = Release|Any CPU
		{FFFEBF4A-F1CE-4EE8-BFE4-B9C912E02C89}.Release|x64.ActiveCfg = Release|Any CPU
		{FFFEBF4A-F1CE-4EE8-BFE4-B9C912E02C89}.Release|x64.Build.0 = Release|Any CPU
		{FFFEBF4A-F1CE-4EE8-BFE4-B9C912E02C89}.Release|x86.ActiveCfg = Release|Any CPU
		{FFFEBF4A-F1CE-4EE8-BFE4-B9C912E02C89}.Release|x86.Build.0 = Release|Any CPU
		{1D3653DF-98A8-477A-A621-94DECEAAC77A}.Debug|Any CPU.ActiveCfg = Debug|Any CPU
		{1D3653DF-98A8-477A-A621-94DECEAAC77A}.Debug|Any CPU.Build.0 = Debug|Any CPU
		{1D3653DF-98A8-477A-A621-94DECEAAC77A}.Debug|x64.ActiveCfg = Debug|Any CPU
		{1D3653DF-98A8-477A-A621-94DECEAAC77A}.Debug|x64.Build.0 = Debug|Any CPU
		{1D3653DF-98A8-477A-A621-94DECEAAC77A}.Debug|x86.ActiveCfg = Debug|Any CPU
		{1D3653DF-98A8-477A-A621-94DECEAAC77A}.Debug|x86.Build.0 = Debug|Any CPU
		{1D3653DF-98A8-477A-A621-94DECEAAC77A}.Release|Any CPU.ActiveCfg = Release|Any CPU
		{1D3653DF-98A8-477A-A621-94DECEAAC77A}.Release|Any CPU.Build.0 = Release|Any CPU
		{1D3653DF-98A8-477A-A621-94DECEAAC77A}.Release|x64.ActiveCfg = Release|Any CPU
		{1D3653DF-98A8-477A-A621-94DECEAAC77A}.Release|x64.Build.0 = Release|Any CPU
		{1D3653DF-98A8-477A-A621-94DECEAAC77A}.Release|x86.ActiveCfg = Release|Any CPU
		{1D3653DF-98A8-477A-A621-94DECEAAC77A}.Release|x86.Build.0 = Release|Any CPU
		{2531D782-C5BE-4084-84FC-466CE783144D}.Debug|Any CPU.ActiveCfg = Debug|Any CPU
		{2531D782-C5BE-4084-84FC-466CE783144D}.Debug|Any CPU.Build.0 = Debug|Any CPU
		{2531D782-C5BE-4084-84FC-466CE783144D}.Debug|x64.ActiveCfg = Debug|Any CPU
		{2531D782-C5BE-4084-84FC-466CE783144D}.Debug|x64.Build.0 = Debug|Any CPU
		{2531D782-C5BE-4084-84FC-466CE783144D}.Debug|x86.ActiveCfg = Debug|Any CPU
		{2531D782-C5BE-4084-84FC-466CE783144D}.Debug|x86.Build.0 = Debug|Any CPU
		{2531D782-C5BE-4084-84FC-466CE783144D}.Release|Any CPU.ActiveCfg = Release|Any CPU
		{2531D782-C5BE-4084-84FC-466CE783144D}.Release|Any CPU.Build.0 = Release|Any CPU
		{2531D782-C5BE-4084-84FC-466CE783144D}.Release|x64.ActiveCfg = Release|Any CPU
		{2531D782-C5BE-4084-84FC-466CE783144D}.Release|x64.Build.0 = Release|Any CPU
		{2531D782-C5BE-4084-84FC-466CE783144D}.Release|x86.ActiveCfg = Release|Any CPU
		{2531D782-C5BE-4084-84FC-466CE783144D}.Release|x86.Build.0 = Release|Any CPU
	EndGlobalSection
	GlobalSection(SolutionProperties) = preSolution
		HideSolutionNode = FALSE
	EndGlobalSection
	GlobalSection(NestedProjects) = preSolution
		{415C32D7-6859-48CA-8643-0E858026C16E} = {827E0CD3-B72D-47B6-A68D-7590B98EB39B}
		{DCEDDED4-1BF3-4A3F-97D0-E3640DFD4609} = {827E0CD3-B72D-47B6-A68D-7590B98EB39B}
		{350314BC-0DFD-4C37-8E32-527274C2A3EB} = {827E0CD3-B72D-47B6-A68D-7590B98EB39B}
		{FFFEBF4A-F1CE-4EE8-BFE4-B9C912E02C89} = {827E0CD3-B72D-47B6-A68D-7590B98EB39B}
		{1D3653DF-98A8-477A-A621-94DECEAAC77A} = {0AB3BF05-4346-4AA6-1389-037BE0695223}
		{2531D782-C5BE-4084-84FC-466CE783144D} = {0AB3BF05-4346-4AA6-1389-037BE0695223}
	EndGlobalSection
EndGlobal
